
Microsoft Visual Studio Solution File, Format Version 11.00
# Visual Studio 2010
Project("{FAE04EC0-301F-11D3-BF4B-00C04F79EFBC}") = "MonoVersal.Sensors.DLL_BL_XA", "MonoVersal.Sensors.DLL_BL_XA\MonoVersal.Sensors.DLL_BL_XA.csproj", "{2036A740-C401-4153-B687-1D07547BA79A}"
EndProject
Project("{FAE04EC0-301F-11D3-BF4B-00C04F79EFBC}") = "MonoVersal.Sensors.DLL_BL_WP", "MonoVersal.Sensors.DLL_BL_WP\MonoVersal.Sensors.DLL_BL_WP.csproj", "{85C7CE65-24B9-45D5-B736-05E3CB208C0E}"
EndProject
Project("{FAE04EC0-301F-11D3-BF4B-00C04F79EFBC}") = "MonoVersal.Sensors.DLL_BL_XI", "MonoVersal.Sensors.DLL_BL_XI\MonoVersal.Sensors.DLL_BL_XI.csproj", "{C5F7F661-02C1-4DC5-B656-DFC8D6BEC274}"
EndProject
Project("{FAE04EC0-301F-11D3-BF4B-00C04F79EFBC}") = "MonoVersal.Sensors.EXE.Pedometer.XA", "MonoVersal.Sensors.EXE.Pedometer.XA\MonoVersal.Sensors.EXE.Pedometer.XA.csproj", "{1C1810EB-544F-4705-BF29-BBBAD48CE2F9}"
EndProject
Project("{FAE04EC0-301F-11D3-BF4B-00C04F79EFBC}") = "MonoVersal.Sensors.EXE.Compass.XA", "MonoVersal.Sensors.EXE.Compass.XA\MonoVersal.Sensors.EXE.Compass.XA.csproj", "{F6F375E8-4827-4CB0-8B57-DA6FBEC055EE}"
EndProject
Project("{FAE04EC0-301F-11D3-BF4B-00C04F79EFBC}") = "MonoVersal.Sensors.EXE.Pedometer.XI_created_in_VS", "MonoVersal.Sensors.EXE.Pedometer.XI_created_in_VS\MonoVersal.Sensors.EXE.Pedometer.XI_created_in_VS.csproj", "{6AE2FD85-64EC-453E-BB62-6F8E4E905015}"
EndProject
Project("{FAE04EC0-301F-11D3-BF4B-00C04F79EFBC}") = "MonoVersal.Sensors.EXE.Pedometer.WP_7", "MonoVersal.Sensors.EXE.Pedometer.WP_7\MonoVersal.Sensors.EXE.Pedometer.WP_7.csproj", "{DFE05BBC-1634-400C-800F-FBE8C08AEB22}"
EndProject
Project("{FAE04EC0-301F-11D3-BF4B-00C04F79EFBC}") = "MonoVersal.Sensors.EXE.Compassr.WP_7", "MonoVersal.Sensors.EXE.Compassr.WP_7\MonoVersal.Sensors.EXE.Compassr.WP_7.csproj", "{8E61603A-779C-4C79-90F1-93A2696A0AA6}"
EndProject
Global
	GlobalSection(SolutionConfigurationPlatforms) = preSolution
		Ad-Hoc|Any CPU = Ad-Hoc|Any CPU
		Ad-Hoc|iPhone = Ad-Hoc|iPhone
		Ad-Hoc|iPhoneSimulator = Ad-Hoc|iPhoneSimulator
		Ad-Hoc|Mixed Platforms = Ad-Hoc|Mixed Platforms
		AppStore|Any CPU = AppStore|Any CPU
		AppStore|iPhone = AppStore|iPhone
		AppStore|iPhoneSimulator = AppStore|iPhoneSimulator
		AppStore|Mixed Platforms = AppStore|Mixed Platforms
		Debug|Any CPU = Debug|Any CPU
		Debug|iPhone = Debug|iPhone
		Debug|iPhoneSimulator = Debug|iPhoneSimulator
		Debug|Mixed Platforms = Debug|Mixed Platforms
		Release|Any CPU = Release|Any CPU
		Release|iPhone = Release|iPhone
		Release|iPhoneSimulator = Release|iPhoneSimulator
		Release|Mixed Platforms = Release|Mixed Platforms
	EndGlobalSection
	GlobalSection(ProjectConfigurationPlatforms) = postSolution
		{2036A740-C401-4153-B687-1D07547BA79A}.Ad-Hoc|Any CPU.ActiveCfg = Release|Any CPU
		{2036A740-C401-4153-B687-1D07547BA79A}.Ad-Hoc|iPhone.ActiveCfg = Debug|Any CPU
		{2036A740-C401-4153-B687-1D07547BA79A}.Ad-Hoc|iPhone.Build.0 = Debug|Any CPU
		{2036A740-C401-4153-B687-1D07547BA79A}.Ad-Hoc|iPhoneSimulator.ActiveCfg = Release|Any CPU
		{2036A740-C401-4153-B687-1D07547BA79A}.Ad-Hoc|Mixed Platforms.ActiveCfg = Release|Any CPU
		{2036A740-C401-4153-B687-1D07547BA79A}.Ad-Hoc|Mixed Platforms.Build.0 = Release|Any CPU
		{2036A740-C401-4153-B687-1D07547BA79A}.AppStore|Any CPU.ActiveCfg = Release|Any CPU
		{2036A740-C401-4153-B687-1D07547BA79A}.AppStore|iPhone.ActiveCfg = Debug|Any CPU
		{2036A740-C401-4153-B687-1D07547BA79A}.AppStore|iPhone.Build.0 = Debug|Any CPU
		{2036A740-C401-4153-B687-1D07547BA79A}.AppStore|iPhoneSimulator.ActiveCfg = Release|Any CPU
		{2036A740-C401-4153-B687-1D07547BA79A}.AppStore|Mixed Platforms.ActiveCfg = Release|Any CPU
		{2036A740-C401-4153-B687-1D07547BA79A}.AppStore|Mixed Platforms.Build.0 = Release|Any CPU
		{2036A740-C401-4153-B687-1D07547BA79A}.Debug|Any CPU.ActiveCfg = Debug|Any CPU
		{2036A740-C401-4153-B687-1D07547BA79A}.Debug|Any CPU.Build.0 = Debug|Any CPU
		{2036A740-C401-4153-B687-1D07547BA79A}.Debug|iPhone.ActiveCfg = Debug|Any CPU
		{2036A740-C401-4153-B687-1D07547BA79A}.Debug|iPhone.Build.0 = Debug|Any CPU
		{2036A740-C401-4153-B687-1D07547BA79A}.Debug|iPhoneSimulator.ActiveCfg = Debug|Any CPU
		{2036A740-C401-4153-B687-1D07547BA79A}.Debug|iPhoneSimulator.Build.0 = Debug|Any CPU
		{2036A740-C401-4153-B687-1D07547BA79A}.Debug|Mixed Platforms.ActiveCfg = Debug|Any CPU
		{2036A740-C401-4153-B687-1D07547BA79A}.Debug|Mixed Platforms.Build.0 = Debug|Any CPU
		{2036A740-C401-4153-B687-1D07547BA79A}.Release|Any CPU.ActiveCfg = Release|Any CPU
		{2036A740-C401-4153-B687-1D07547BA79A}.Release|Any CPU.Build.0 = Release|Any CPU
		{2036A740-C401-4153-B687-1D07547BA79A}.Release|iPhone.ActiveCfg = Release|Any CPU
		{2036A740-C401-4153-B687-1D07547BA79A}.Release|iPhone.Build.0 = Release|Any CPU
		{2036A740-C401-4153-B687-1D07547BA79A}.Release|iPhoneSimulator.ActiveCfg = Release|Any CPU
		{2036A740-C401-4153-B687-1D07547BA79A}.Release|iPhoneSimulator.Build.0 = Release|Any CPU
		{2036A740-C401-4153-B687-1D07547BA79A}.Release|Mixed Platforms.ActiveCfg = Release|Any CPU
		{2036A740-C401-4153-B687-1D07547BA79A}.Release|Mixed Platforms.Build.0 = Release|Any CPU
		{85C7CE65-24B9-45D5-B736-05E3CB208C0E}.Ad-Hoc|Any CPU.ActiveCfg = Release|Any CPU
		{85C7CE65-24B9-45D5-B736-05E3CB208C0E}.Ad-Hoc|iPhone.ActiveCfg = Release|Any CPU
		{85C7CE65-24B9-45D5-B736-05E3CB208C0E}.Ad-Hoc|iPhoneSimulator.ActiveCfg = Release|Any CPU
		{85C7CE65-24B9-45D5-B736-05E3CB208C0E}.Ad-Hoc|Mixed Platforms.ActiveCfg = Release|Any CPU
		{85C7CE65-24B9-45D5-B736-05E3CB208C0E}.Ad-Hoc|Mixed Platforms.Build.0 = Release|Any CPU
		{85C7CE65-24B9-45D5-B736-05E3CB208C0E}.AppStore|Any CPU.ActiveCfg = Release|Any CPU
		{85C7CE65-24B9-45D5-B736-05E3CB208C0E}.AppStore|iPhone.ActiveCfg = Release|Any CPU
		{85C7CE65-24B9-45D5-B736-05E3CB208C0E}.AppStore|iPhoneSimulator.ActiveCfg = Release|Any CPU
		{85C7CE65-24B9-45D5-B736-05E3CB208C0E}.AppStore|Mixed Platforms.ActiveCfg = Release|Any CPU
		{85C7CE65-24B9-45D5-B736-05E3CB208C0E}.AppStore|Mixed Platforms.Build.0 = Release|Any CPU
		{85C7CE65-24B9-45D5-B736-05E3CB208C0E}.Debug|Any CPU.ActiveCfg = Debug|Any CPU
		{85C7CE65-24B9-45D5-B736-05E3CB208C0E}.Debug|Any CPU.Build.0 = Debug|Any CPU
		{85C7CE65-24B9-45D5-B736-05E3CB208C0E}.Debug|iPhone.ActiveCfg = Debug|Any CPU
		{85C7CE65-24B9-45D5-B736-05E3CB208C0E}.Debug|iPhoneSimulator.ActiveCfg = Debug|Any CPU
		{85C7CE65-24B9-45D5-B736-05E3CB208C0E}.Debug|Mixed Platforms.ActiveCfg = Debug|Any CPU
		{85C7CE65-24B9-45D5-B736-05E3CB208C0E}.Debug|Mixed Platforms.Build.0 = Debug|Any CPU
		{85C7CE65-24B9-45D5-B736-05E3CB208C0E}.Release|Any CPU.ActiveCfg = Release|Any CPU
		{85C7CE65-24B9-45D5-B736-05E3CB208C0E}.Release|Any CPU.Build.0 = Release|Any CPU
		{85C7CE65-24B9-45D5-B736-05E3CB208C0E}.Release|iPhone.ActiveCfg = Release|Any CPU
		{85C7CE65-24B9-45D5-B736-05E3CB208C0E}.Release|iPhoneSimulator.ActiveCfg = Release|Any CPU
		{85C7CE65-24B9-45D5-B736-05E3CB208C0E}.Release|Mixed Platforms.ActiveCfg = Release|Any CPU
		{85C7CE65-24B9-45D5-B736-05E3CB208C0E}.Release|Mixed Platforms.Build.0 = Release|Any CPU
		{C5F7F661-02C1-4DC5-B656-DFC8D6BEC274}.Ad-Hoc|Any CPU.ActiveCfg = Release|Any CPU
		{C5F7F661-02C1-4DC5-B656-DFC8D6BEC274}.Ad-Hoc|iPhone.ActiveCfg = Debug|Any CPU
		{C5F7F661-02C1-4DC5-B656-DFC8D6BEC274}.Ad-Hoc|iPhone.Build.0 = Debug|Any CPU
		{C5F7F661-02C1-4DC5-B656-DFC8D6BEC274}.Ad-Hoc|iPhoneSimulator.ActiveCfg = Release|Any CPU
		{C5F7F661-02C1-4DC5-B656-DFC8D6BEC274}.Ad-Hoc|Mixed Platforms.ActiveCfg = Release|Any CPU
		{C5F7F661-02C1-4DC5-B656-DFC8D6BEC274}.Ad-Hoc|Mixed Platforms.Build.0 = Release|Any CPU
		{C5F7F661-02C1-4DC5-B656-DFC8D6BEC274}.AppStore|Any CPU.ActiveCfg = Release|Any CPU
		{C5F7F661-02C1-4DC5-B656-DFC8D6BEC274}.AppStore|iPhone.ActiveCfg = Debug|Any CPU
		{C5F7F661-02C1-4DC5-B656-DFC8D6BEC274}.AppStore|iPhone.Build.0 = Debug|Any CPU
		{C5F7F661-02C1-4DC5-B656-DFC8D6BEC274}.AppStore|iPhoneSimulator.ActiveCfg = Release|Any CPU
		{C5F7F661-02C1-4DC5-B656-DFC8D6BEC274}.AppStore|Mixed Platforms.ActiveCfg = Release|Any CPU
		{C5F7F661-02C1-4DC5-B656-DFC8D6BEC274}.AppStore|Mixed Platforms.Build.0 = Release|Any CPU
		{C5F7F661-02C1-4DC5-B656-DFC8D6BEC274}.Debug|Any CPU.ActiveCfg = Debug|Any CPU
		{C5F7F661-02C1-4DC5-B656-DFC8D6BEC274}.Debug|Any CPU.Build.0 = Debug|Any CPU
		{C5F7F661-02C1-4DC5-B656-DFC8D6BEC274}.Debug|iPhone.ActiveCfg = Debug|Any CPU
		{C5F7F661-02C1-4DC5-B656-DFC8D6BEC274}.Debug|iPhone.Build.0 = Debug|Any CPU
		{C5F7F661-02C1-4DC5-B656-DFC8D6BEC274}.Debug|iPhoneSimulator.ActiveCfg = Debug|Any CPU
		{C5F7F661-02C1-4DC5-B656-DFC8D6BEC274}.Debug|iPhoneSimulator.Build.0 = Debug|Any CPU
		{C5F7F661-02C1-4DC5-B656-DFC8D6BEC274}.Debug|Mixed Platforms.ActiveCfg = Debug|Any CPU
		{C5F7F661-02C1-4DC5-B656-DFC8D6BEC274}.Debug|Mixed Platforms.Build.0 = Debug|Any CPU
		{C5F7F661-02C1-4DC5-B656-DFC8D6BEC274}.Release|Any CPU.ActiveCfg = Release|Any CPU
		{C5F7F661-02C1-4DC5-B656-DFC8D6BEC274}.Release|Any CPU.Build.0 = Release|Any CPU
		{C5F7F661-02C1-4DC5-B656-DFC8D6BEC274}.Release|iPhone.ActiveCfg = Release|Any CPU
		{C5F7F661-02C1-4DC5-B656-DFC8D6BEC274}.Release|iPhone.Build.0 = Release|Any CPU
		{C5F7F661-02C1-4DC5-B656-DFC8D6BEC274}.Release|iPhoneSimulator.ActiveCfg = Release|Any CPU
		{C5F7F661-02C1-4DC5-B656-DFC8D6BEC274}.Release|iPhoneSimulator.Build.0 = Release|Any CPU
		{C5F7F661-02C1-4DC5-B656-DFC8D6BEC274}.Release|Mixed Platforms.ActiveCfg = Release|Any CPU
		{C5F7F661-02C1-4DC5-B656-DFC8D6BEC274}.Release|Mixed Platforms.Build.0 = Release|Any CPU
		{1C1810EB-544F-4705-BF29-BBBAD48CE2F9}.Ad-Hoc|Any CPU.ActiveCfg = Release|Any CPU
		{1C1810EB-544F-4705-BF29-BBBAD48CE2F9}.Ad-Hoc|iPhone.ActiveCfg = Debug|Any CPU
		{1C1810EB-544F-4705-BF29-BBBAD48CE2F9}.Ad-Hoc|iPhone.Build.0 = Debug|Any CPU
		{1C1810EB-544F-4705-BF29-BBBAD48CE2F9}.Ad-Hoc|iPhoneSimulator.ActiveCfg = Release|Any CPU
		{1C1810EB-544F-4705-BF29-BBBAD48CE2F9}.Ad-Hoc|Mixed Platforms.ActiveCfg = Release|Any CPU
		{1C1810EB-544F-4705-BF29-BBBAD48CE2F9}.Ad-Hoc|Mixed Platforms.Build.0 = Release|Any CPU
		{1C1810EB-544F-4705-BF29-BBBAD48CE2F9}.Ad-Hoc|Mixed Platforms.Deploy.0 = Release|Any CPU
		{1C1810EB-544F-4705-BF29-BBBAD48CE2F9}.AppStore|Any CPU.ActiveCfg = Release|Any CPU
		{1C1810EB-544F-4705-BF29-BBBAD48CE2F9}.AppStore|iPhone.ActiveCfg = Debug|Any CPU
		{1C1810EB-544F-4705-BF29-BBBAD48CE2F9}.AppStore|iPhone.Build.0 = Debug|Any CPU
		{1C1810EB-544F-4705-BF29-BBBAD48CE2F9}.AppStore|iPhoneSimulator.ActiveCfg = Release|Any CPU
		{1C1810EB-544F-4705-BF29-BBBAD48CE2F9}.AppStore|Mixed Platforms.ActiveCfg = Release|Any CPU
		{1C1810EB-544F-4705-BF29-BBBAD48CE2F9}.AppStore|Mixed Platforms.Build.0 = Release|Any CPU
		{1C1810EB-544F-4705-BF29-BBBAD48CE2F9}.AppStore|Mixed Platforms.Deploy.0 = Release|Any CPU
		{1C1810EB-544F-4705-BF29-BBBAD48CE2F9}.Debug|Any CPU.ActiveCfg = Debug|Any CPU
		{1C1810EB-544F-4705-BF29-BBBAD48CE2F9}.Debug|Any CPU.Build.0 = Debug|Any CPU
		{1C1810EB-544F-4705-BF29-BBBAD48CE2F9}.Debug|Any CPU.Deploy.0 = Debug|Any CPU
		{1C1810EB-544F-4705-BF29-BBBAD48CE2F9}.Debug|iPhone.ActiveCfg = Debug|Any CPU
		{1C1810EB-544F-4705-BF29-BBBAD48CE2F9}.Debug|iPhone.Build.0 = Debug|Any CPU
		{1C1810EB-544F-4705-BF29-BBBAD48CE2F9}.Debug|iPhoneSimulator.ActiveCfg = Debug|Any CPU
		{1C1810EB-544F-4705-BF29-BBBAD48CE2F9}.Debug|iPhoneSimulator.Build.0 = Debug|Any CPU
		{1C1810EB-544F-4705-BF29-BBBAD48CE2F9}.Debug|Mixed Platforms.ActiveCfg = Debug|Any CPU
		{1C1810EB-544F-4705-BF29-BBBAD48CE2F9}.Debug|Mixed Platforms.Build.0 = Debug|Any CPU
		{1C1810EB-544F-4705-BF29-BBBAD48CE2F9}.Debug|Mixed Platforms.Deploy.0 = Debug|Any CPU
		{1C1810EB-544F-4705-BF29-BBBAD48CE2F9}.Release|Any CPU.ActiveCfg = Release|Any CPU
		{1C1810EB-544F-4705-BF29-BBBAD48CE2F9}.Release|Any CPU.Build.0 = Release|Any CPU
		{1C1810EB-544F-4705-BF29-BBBAD48CE2F9}.Release|Any CPU.Deploy.0 = Release|Any CPU
		{1C1810EB-544F-4705-BF29-BBBAD48CE2F9}.Release|iPhone.ActiveCfg = Release|Any CPU
		{1C1810EB-544F-4705-BF29-BBBAD48CE2F9}.Release|iPhone.Build.0 = Release|Any CPU
		{1C1810EB-544F-4705-BF29-BBBAD48CE2F9}.Release|iPhoneSimulator.ActiveCfg = Release|Any CPU
		{1C1810EB-544F-4705-BF29-BBBAD48CE2F9}.Release|iPhoneSimulator.Build.0 = Release|Any CPU
		{1C1810EB-544F-4705-BF29-BBBAD48CE2F9}.Release|Mixed Platforms.ActiveCfg = Release|Any CPU
		{1C1810EB-544F-4705-BF29-BBBAD48CE2F9}.Release|Mixed Platforms.Build.0 = Release|Any CPU
		{1C1810EB-544F-4705-BF29-BBBAD48CE2F9}.Release|Mixed Platforms.Deploy.0 = Release|Any CPU
		{F6F375E8-4827-4CB0-8B57-DA6FBEC055EE}.Ad-Hoc|Any CPU.ActiveCfg = Release|Any CPU
		{F6F375E8-4827-4CB0-8B57-DA6FBEC055EE}.Ad-Hoc|Any CPU.Build.0 = Release|Any CPU
		{F6F375E8-4827-4CB0-8B57-DA6FBEC055EE}.Ad-Hoc|Any CPU.Deploy.0 = Release|Any CPU
		{F6F375E8-4827-4CB0-8B57-DA6FBEC055EE}.Ad-Hoc|iPhone.ActiveCfg = Release|Any CPU
		{F6F375E8-4827-4CB0-8B57-DA6FBEC055EE}.Ad-Hoc|iPhoneSimulator.ActiveCfg = Release|Any CPU
		{F6F375E8-4827-4CB0-8B57-DA6FBEC055EE}.Ad-Hoc|Mixed Platforms.ActiveCfg = Release|Any CPU
		{F6F375E8-4827-4CB0-8B57-DA6FBEC055EE}.Ad-Hoc|Mixed Platforms.Build.0 = Release|Any CPU
		{F6F375E8-4827-4CB0-8B57-DA6FBEC055EE}.Ad-Hoc|Mixed Platforms.Deploy.0 = Release|Any CPU
		{F6F375E8-4827-4CB0-8B57-DA6FBEC055EE}.AppStore|Any CPU.ActiveCfg = Release|Any CPU
		{F6F375E8-4827-4CB0-8B57-DA6FBEC055EE}.AppStore|Any CPU.Build.0 = Release|Any CPU
		{F6F375E8-4827-4CB0-8B57-DA6FBEC055EE}.AppStore|Any CPU.Deploy.0 = Release|Any CPU
		{F6F375E8-4827-4CB0-8B57-DA6FBEC055EE}.AppStore|iPhone.ActiveCfg = Release|Any CPU
		{F6F375E8-4827-4CB0-8B57-DA6FBEC055EE}.AppStore|iPhoneSimulator.ActiveCfg = Release|Any CPU
		{F6F375E8-4827-4CB0-8B57-DA6FBEC055EE}.AppStore|Mixed Platforms.ActiveCfg = Release|Any CPU
		{F6F375E8-4827-4CB0-8B57-DA6FBEC055EE}.AppStore|Mixed Platforms.Build.0 = Release|Any CPU
		{F6F375E8-4827-4CB0-8B57-DA6FBEC055EE}.AppStore|Mixed Platforms.Deploy.0 = Release|Any CPU
		{F6F375E8-4827-4CB0-8B57-DA6FBEC055EE}.Debug|Any CPU.ActiveCfg = Debug|Any CPU
		{F6F375E8-4827-4CB0-8B57-DA6FBEC055EE}.Debug|Any CPU.Build.0 = Debug|Any CPU
		{F6F375E8-4827-4CB0-8B57-DA6FBEC055EE}.Debug|Any CPU.Deploy.0 = Debug|Any CPU
		{F6F375E8-4827-4CB0-8B57-DA6FBEC055EE}.Debug|iPhone.ActiveCfg = Debug|Any CPU
		{F6F375E8-4827-4CB0-8B57-DA6FBEC055EE}.Debug|iPhoneSimulator.ActiveCfg = Debug|Any CPU
		{F6F375E8-4827-4CB0-8B57-DA6FBEC055EE}.Debug|Mixed Platforms.ActiveCfg = Debug|Any CPU
		{F6F375E8-4827-4CB0-8B57-DA6FBEC055EE}.Debug|Mixed Platforms.Build.0 = Debug|Any CPU
		{F6F375E8-4827-4CB0-8B57-DA6FBEC055EE}.Debug|Mixed Platforms.Deploy.0 = Debug|Any CPU
		{F6F375E8-4827-4CB0-8B57-DA6FBEC055EE}.Release|Any CPU.ActiveCfg = Release|Any CPU
		{F6F375E8-4827-4CB0-8B57-DA6FBEC055EE}.Release|Any CPU.Build.0 = Release|Any CPU
		{F6F375E8-4827-4CB0-8B57-DA6FBEC055EE}.Release|Any CPU.Deploy.0 = Release|Any CPU
		{F6F375E8-4827-4CB0-8B57-DA6FBEC055EE}.Release|iPhone.ActiveCfg = Release|Any CPU
		{F6F375E8-4827-4CB0-8B57-DA6FBEC055EE}.Release|iPhoneSimulator.ActiveCfg = Release|Any CPU
		{F6F375E8-4827-4CB0-8B57-DA6FBEC055EE}.Release|Mixed Platforms.ActiveCfg = Release|Any CPU
		{F6F375E8-4827-4CB0-8B57-DA6FBEC055EE}.Release|Mixed Platforms.Build.0 = Release|Any CPU
		{F6F375E8-4827-4CB0-8B57-DA6FBEC055EE}.Release|Mixed Platforms.Deploy.0 = Release|Any CPU
		{6AE2FD85-64EC-453E-BB62-6F8E4E905015}.Ad-Hoc|Any CPU.ActiveCfg = Ad-Hoc|iPhone
		{6AE2FD85-64EC-453E-BB62-6F8E4E905015}.Ad-Hoc|iPhone.ActiveCfg = Ad-Hoc|iPhone
		{6AE2FD85-64EC-453E-BB62-6F8E4E905015}.Ad-Hoc|iPhone.Build.0 = Ad-Hoc|iPhone
		{6AE2FD85-64EC-453E-BB62-6F8E4E905015}.Ad-Hoc|iPhoneSimulator.ActiveCfg = Ad-Hoc|iPhoneSimulator
		{6AE2FD85-64EC-453E-BB62-6F8E4E905015}.Ad-Hoc|iPhoneSimulator.Build.0 = Ad-Hoc|iPhoneSimulator
		{6AE2FD85-64EC-453E-BB62-6F8E4E905015}.Ad-Hoc|Mixed Platforms.ActiveCfg = Ad-Hoc|iPhone
		{6AE2FD85-64EC-453E-BB62-6F8E4E905015}.Ad-Hoc|Mixed Platforms.Build.0 = Ad-Hoc|iPhone
		{6AE2FD85-64EC-453E-BB62-6F8E4E905015}.AppStore|Any CPU.ActiveCfg = AppStore|iPhone
		{6AE2FD85-64EC-453E-BB62-6F8E4E905015}.AppStore|iPhone.ActiveCfg = AppStore|iPhone
		{6AE2FD85-64EC-453E-BB62-6F8E4E905015}.AppStore|iPhone.Build.0 = AppStore|iPhone
		{6AE2FD85-64EC-453E-BB62-6F8E4E905015}.AppStore|iPhoneSimulator.ActiveCfg = AppStore|iPhoneSimulator
		{6AE2FD85-64EC-453E-BB62-6F8E4E905015}.AppStore|iPhoneSimulator.Build.0 = AppStore|iPhoneSimulator
		{6AE2FD85-64EC-453E-BB62-6F8E4E905015}.AppStore|Mixed Platforms.ActiveCfg = AppStore|iPhone
		{6AE2FD85-64EC-453E-BB62-6F8E4E905015}.AppStore|Mixed Platforms.Build.0 = AppStore|iPhone
		{6AE2FD85-64EC-453E-BB62-6F8E4E905015}.Debug|Any CPU.ActiveCfg = Debug|iPhone
		{6AE2FD85-64EC-453E-BB62-6F8E4E905015}.Debug|iPhone.ActiveCfg = Debug|iPhone
		{6AE2FD85-64EC-453E-BB62-6F8E4E905015}.Debug|iPhone.Build.0 = Debug|iPhone
		{6AE2FD85-64EC-453E-BB62-6F8E4E905015}.Debug|iPhoneSimulator.ActiveCfg = Debug|iPhoneSimulator
		{6AE2FD85-64EC-453E-BB62-6F8E4E905015}.Debug|iPhoneSimulator.Build.0 = Debug|iPhoneSimulator
		{6AE2FD85-64EC-453E-BB62-6F8E4E905015}.Debug|Mixed Platforms.ActiveCfg = Debug|iPhone
		{6AE2FD85-64EC-453E-BB62-6F8E4E905015}.Debug|Mixed Platforms.Build.0 = Debug|iPhone
		{6AE2FD85-64EC-453E-BB62-6F8E4E905015}.Release|Any CPU.ActiveCfg = Release|iPhone
		{6AE2FD85-64EC-453E-BB62-6F8E4E905015}.Release|iPhone.ActiveCfg = Release|iPhone
		{6AE2FD85-64EC-453E-BB62-6F8E4E905015}.Release|iPhone.Build.0 = Release|iPhone
		{6AE2FD85-64EC-453E-BB62-6F8E4E905015}.Release|iPhoneSimulator.ActiveCfg = Release|iPhoneSimulator
		{6AE2FD85-64EC-453E-BB62-6F8E4E905015}.Release|iPhoneSimulator.Build.0 = Release|iPhoneSimulator
		{6AE2FD85-64EC-453E-BB62-6F8E4E905015}.Release|Mixed Platforms.ActiveCfg = Release|iPhone
		{6AE2FD85-64EC-453E-BB62-6F8E4E905015}.Release|Mixed Platforms.Build.0 = Release|iPhone
		{DFE05BBC-1634-400C-800F-FBE8C08AEB22}.Ad-Hoc|Any CPU.ActiveCfg = Release|Any CPU
		{DFE05BBC-1634-400C-800F-FBE8C08AEB22}.Ad-Hoc|Any CPU.Build.0 = Release|Any CPU
		{DFE05BBC-1634-400C-800F-FBE8C08AEB22}.Ad-Hoc|Any CPU.Deploy.0 = Release|Any CPU
		{DFE05BBC-1634-400C-800F-FBE8C08AEB22}.Ad-Hoc|iPhone.ActiveCfg = Release|Any CPU
		{DFE05BBC-1634-400C-800F-FBE8C08AEB22}.Ad-Hoc|iPhoneSimulator.ActiveCfg = Release|Any CPU
		{DFE05BBC-1634-400C-800F-FBE8C08AEB22}.Ad-Hoc|Mixed Platforms.ActiveCfg = Release|Any CPU
		{DFE05BBC-1634-400C-800F-FBE8C08AEB22}.Ad-Hoc|Mixed Platforms.Build.0 = Release|Any CPU
		{DFE05BBC-1634-400C-800F-FBE8C08AEB22}.Ad-Hoc|Mixed Platforms.Deploy.0 = Release|Any CPU
		{DFE05BBC-1634-400C-800F-FBE8C08AEB22}.AppStore|Any CPU.ActiveCfg = Release|Any CPU
		{DFE05BBC-1634-400C-800F-FBE8C08AEB22}.AppStore|Any CPU.Build.0 = Release|Any CPU
		{DFE05BBC-1634-400C-800F-FBE8C08AEB22}.AppStore|Any CPU.Deploy.0 = Release|Any CPU
		{DFE05BBC-1634-400C-800F-FBE8C08AEB22}.AppStore|iPhone.ActiveCfg = Release|Any CPU
		{DFE05BBC-1634-400C-800F-FBE8C08AEB22}.AppStore|iPhoneSimulator.ActiveCfg = Release|Any CPU
		{DFE05BBC-1634-400C-800F-FBE8C08AEB22}.AppStore|Mixed Platforms.ActiveCfg = Release|Any CPU
		{DFE05BBC-1634-400C-800F-FBE8C08AEB22}.AppStore|Mixed Platforms.Build.0 = Release|Any CPU
		{DFE05BBC-1634-400C-800F-FBE8C08AEB22}.AppStore|Mixed Platforms.Deploy.0 = Release|Any CPU
		{DFE05BBC-1634-400C-800F-FBE8C08AEB22}.Debug|Any CPU.ActiveCfg = Debug|Any CPU
		{DFE05BBC-1634-400C-800F-FBE8C08AEB22}.Debug|Any CPU.Build.0 = Debug|Any CPU
		{DFE05BBC-1634-400C-800F-FBE8C08AEB22}.Debug|Any CPU.Deploy.0 = Debug|Any CPU
		{DFE05BBC-1634-400C-800F-FBE8C08AEB22}.Debug|iPhone.ActiveCfg = Debug|Any CPU
		{DFE05BBC-1634-400C-800F-FBE8C08AEB22}.Debug|iPhoneSimulator.ActiveCfg = Debug|Any CPU
		{DFE05BBC-1634-400C-800F-FBE8C08AEB22}.Debug|Mixed Platforms.ActiveCfg = Debug|Any CPU
		{DFE05BBC-1634-400C-800F-FBE8C08AEB22}.Debug|Mixed Platforms.Build.0 = Debug|Any CPU
		{DFE05BBC-1634-400C-800F-FBE8C08AEB22}.Debug|Mixed Platforms.Deploy.0 = Debug|Any CPU
		{DFE05BBC-1634-400C-800F-FBE8C08AEB22}.Release|Any CPU.ActiveCfg = Release|Any CPU
		{DFE05BBC-1634-400C-800F-FBE8C08AEB22}.Release|Any CPU.Build.0 = Release|Any CPU
		{DFE05BBC-1634-400C-800F-FBE8C08AEB22}.Release|Any CPU.Deploy.0 = Release|Any CPU
		{DFE05BBC-1634-400C-800F-FBE8C08AEB22}.Release|iPhone.ActiveCfg = Release|Any CPU
		{DFE05BBC-1634-400C-800F-FBE8C08AEB22}.Release|iPhoneSimulator.ActiveCfg = Release|Any CPU
		{DFE05BBC-1634-400C-800F-FBE8C08AEB22}.Release|Mixed Platforms.ActiveCfg = Release|Any CPU
		{DFE05BBC-1634-400C-800F-FBE8C08AEB22}.Release|Mixed Platforms.Build.0 = Release|Any CPU
		{DFE05BBC-1634-400C-800F-FBE8C08AEB22}.Release|Mixed Platforms.Deploy.0 = Release|Any CPU
		{8E61603A-779C-4C79-90F1-93A2696A0AA6}.Ad-Hoc|Any CPU.ActiveCfg = Release|Any CPU
		{8E61603A-779C-4C79-90F1-93A2696A0AA6}.Ad-Hoc|Any CPU.Build.0 = Release|Any CPU
		{8E61603A-779C-4C79-90F1-93A2696A0AA6}.Ad-Hoc|Any CPU.Deploy.0 = Release|Any CPU
		{8E61603A-779C-4C79-90F1-93A2696A0AA6}.Ad-Hoc|iPhone.ActiveCfg = Release|Any CPU
		{8E61603A-779C-4C79-90F1-93A2696A0AA6}.Ad-Hoc|iPhoneSimulator.ActiveCfg = Release|Any CPU
		{8E61603A-779C-4C79-90F1-93A2696A0AA6}.Ad-Hoc|Mixed Platforms.ActiveCfg = Release|Any CPU
		{8E61603A-779C-4C79-90F1-93A2696A0AA6}.Ad-Hoc|Mixed Platforms.Build.0 = Release|Any CPU
		{8E61603A-779C-4C79-90F1-93A2696A0AA6}.Ad-Hoc|Mixed Platforms.Deploy.0 = Release|Any CPU
		{8E61603A-779C-4C79-90F1-93A2696A0AA6}.AppStore|Any CPU.ActiveCfg = Release|Any CPU
		{8E61603A-779C-4C79-90F1-93A2696A0AA6}.AppStore|Any CPU.Build.0 = Release|Any CPU
		{8E61603A-779C-4C79-90F1-93A2696A0AA6}.AppStore|Any CPU.Deploy.0 = Release|Any CPU
		{8E61603A-779C-4C79-90F1-93A2696A0AA6}.AppStore|iPhone.ActiveCfg = Release|Any CPU
		{8E61603A-779C-4C79-90F1-93A2696A0AA6}.AppStore|iPhoneSimulator.ActiveCfg = Release|Any CPU
		{8E61603A-779C-4C79-90F1-93A2696A0AA6}.AppStore|Mixed Platforms.ActiveCfg = Release|Any CPU
		{8E61603A-779C-4C79-90F1-93A2696A0AA6}.AppStore|Mixed Platforms.Build.0 = Release|Any CPU
		{8E61603A-779C-4C79-90F1-93A2696A0AA6}.AppStore|Mixed Platforms.Deploy.0 = Release|Any CPU
		{8E61603A-779C-4C79-90F1-93A2696A0AA6}.Debug|Any CPU.ActiveCfg = Debug|Any CPU
		{8E61603A-779C-4C79-90F1-93A2696A0AA6}.Debug|Any CPU.Build.0 = Debug|Any CPU
		{8E61603A-779C-4C79-90F1-93A2696A0AA6}.Debug|Any CPU.Deploy.0 = Debug|Any CPU
		{8E61603A-779C-4C79-90F1-93A2696A0AA6}.Debug|iPhone.ActiveCfg = Debug|Any CPU
		{8E61603A-779C-4C79-90F1-93A2696A0AA6}.Debug|iPhoneSimulator.ActiveCfg = Debug|Any CPU
		{8E61603A-779C-4C79-90F1-93A2696A0AA6}.Debug|Mixed Platforms.ActiveCfg = Debug|Any CPU
		{8E61603A-779C-4C79-90F1-93A2696A0AA6}.Debug|Mixed Platforms.Build.0 = Debug|Any CPU
		{8E61603A-779C-4C79-90F1-93A2696A0AA6}.Debug|Mixed Platforms.Deploy.0 = Debug|Any CPU
		{8E61603A-779C-4C79-90F1-93A2696A0AA6}.Release|Any CPU.ActiveCfg = Release|Any CPU
		{8E61603A-779C-4C79-90F1-93A2696A0AA6}.Release|Any CPU.Build.0 = Release|Any CPU
		{8E61603A-779C-4C79-90F1-93A2696A0AA6}.Release|Any CPU.Deploy.0 = Release|Any CPU
		{8E61603A-779C-4C79-90F1-93A2696A0AA6}.Release|iPhone.ActiveCfg = Release|Any CPU
		{8E61603A-779C-4C79-90F1-93A2696A0AA6}.Release|iPhoneSimulator.ActiveCfg = Release|Any CPU
		{8E61603A-779C-4C79-90F1-93A2696A0AA6}.Release|Mixed Platforms.ActiveCfg = Release|Any CPU
		{8E61603A-779C-4C79-90F1-93A2696A0AA6}.Release|Mixed Platforms.Build.0 = Release|Any CPU
		{8E61603A-779C-4C79-90F1-93A2696A0AA6}.Release|Mixed Platforms.Deploy.0 = Release|Any CPU
	EndGlobalSection
	GlobalSection(SolutionProperties) = preSolution
		HideSolutionNode = FALSE
	EndGlobalSection
	GlobalSection(MonoDevelopProperties) = preSolution
		StartupItem = MonoVersal.Sensors.DLL_BL_XA\MonoVersal.Sensors.DLL_BL_XA.csproj
	EndGlobalSection
EndGlobal
